
Microsoft Visual Studio Solution File, Format Version 12.00
Project("{FAE04EC0-301F-11D3-BF4B-00C04F79EFBC}") = "MoCat.Core", "MoCat.Core\MoCat.Core.csproj", "{4472F56A-5FF2-4FF6-ACCF-1E7D31077BE2}"
EndProject
Project("{FAE04EC0-301F-11D3-BF4B-00C04F79EFBC}") = "MoCat.Web", "MoCat.Web\MoCat.Web.csproj", "{B78192D0-F362-4810-BF06-B1156D62B4A6}"
EndProject
Global
	GlobalSection(SolutionConfigurationPlatforms) = preSolution
		Debug|Any CPU = Debug|Any CPU
		Release|Any CPU = Release|Any CPU
	EndGlobalSection
	GlobalSection(ProjectConfigurationPlatforms) = postSolution
		{4472F56A-5FF2-4FF6-ACCF-1E7D31077BE2}.Debug|Any CPU.ActiveCfg = Debug|Any CPU
		{4472F56A-5FF2-4FF6-ACCF-1E7D31077BE2}.Debug|Any CPU.Build.0 = Debug|Any CPU
		{4472F56A-5FF2-4FF6-ACCF-1E7D31077BE2}.Release|Any CPU.ActiveCfg = Release|Any CPU
		{4472F56A-5FF2-4FF6-ACCF-1E7D31077BE2}.Release|Any CPU.Build.0 = Release|Any CPU
		{B78192D0-F362-4810-BF06-B1156D62B4A6}.Debug|Any CPU.ActiveCfg = Debug|Any CPU
		{B78192D0-F362-4810-BF06-B1156D62B4A6}.Debug|Any CPU.Build.0 = Debug|Any CPU
		{B78192D0-F362-4810-BF06-B1156D62B4A6}.Release|Any CPU.ActiveCfg = Release|Any CPU
		{B78192D0-F362-4810-BF06-B1156D62B4A6}.Release|Any CPU.Build.0 = Release|Any CPU
	EndGlobalSection
EndGlobal
